<Solution>
  <Folder Name="/Itens de Solução/">
    <File Path="docker-compose.yml" />
    <File Path="Readme.md" />
  </Folder>
  <Project Path="BuildingBlocks/BuildingBlocks.csproj" Id="0bafa74a-bd44-4761-acf6-e00414e1e45e" />
  <Project Path="NotificationService.Worker/NotificationService.Worker.csproj" />
  <Project Path="OrderService.Api/OrderService.Api.csproj" />
  <Project Path="PaymentService.Worker/PaymentService.Worker.csproj" />
  <Project Path="Shared.Contracts/Shared.Contracts.csproj" Id="1bbd75a1-8ed6-4c6e-9cf2-b46c18fe8eeb" />
</Solution>
